PODS:
  - Kingfisher (7.2.0)
  - MBProgressHUD (1.2.0)
  - SnapKit (5.0.1)

DEPENDENCIES:
  - Kingfisher
  - MBProgressHUD
  - SnapKit

SPEC REPOS:
  trunk:
    - Kingfisher
    - MBProgressHUD
    - SnapKit

SPEC CHECKSUMS:
  Kingfisher: 3ac0b75b155cabc0e544877d1a4deea29feece92
  MBProgressHUD: 3ee5efcc380f6a79a7cc9b363dd669c5e1ae7406
  SnapKit: 97b92857e3df3a0c71833cce143274bf6ef8e5eb

PODFILE CHECKSUM: 3326eefdc760b20eeacf062fdbd40c95d9c94630

COCOAPODS: 1.11.2
